<?xml version="1.0" encoding="UTF-8"?>
<!DOCTYPE plist PUBLIC "-//Apple//DTD PLIST 1.0//EN" "http://www.apple.com/DTDs/PropertyList-1.0.dtd">
<plist version="1.0">
<dict>
	<key>archiveVersion</key>
	<string>1</string>
	<key>classes</key>
	<dict/>
	<key>objectVersion</key>
	<string>46</string>
	<key>objects</key>
	<dict>
		<key>17B80BE64EDB4190A33B9B35</key>
		<dict>
			<key>buildActionMask</key>
			<string>2147483647</string>
			<key>files</key>
			<array/>
			<key>inputPaths</key>
			<array/>
			<key>isa</key>
			<string>PBXShellScriptBuildPhase</string>
			<key>name</key>
			<string>Copy Pods Resources</string>
			<key>outputPaths</key>
			<array/>
			<key>runOnlyForDeploymentPostprocessing</key>
			<string>0</string>
			<key>shellPath</key>
			<string>/bin/sh</string>
			<key>shellScript</key>
			<string>"${SRCROOT}/Pods/Target Support Files/Pods/Pods-resources.sh"
</string>
			<key>showEnvVarsInLog</key>
			<string>0</string>
		</dict>
		<key>2B2E95B38D964AE3AEAA9F31</key>
		<dict>
			<key>buildActionMask</key>
			<string>2147483647</string>
			<key>files</key>
			<array/>
			<key>inputPaths</key>
			<array/>
			<key>isa</key>
			<string>PBXShellScriptBuildPhase</string>
			<key>name</key>
			<string>Check Pods Manifest.lock</string>
			<key>outputPaths</key>
			<array/>
			<key>runOnlyForDeploymentPostprocessing</key>
			<string>0</string>
			<key>shellPath</key>
			<string>/bin/sh</string>
			<key>shellScript</key>
			<string>diff "${PODS_ROOT}/../Podfile.lock" "${PODS_ROOT}/Manifest.lock" &gt; /dev/null
if [[ $? != 0 ]] ; then
    cat &lt;&lt; EOM
error: The sandbox is not in sync with the Podfile.lock. Run 'pod install' or update your CocoaPods installation.
EOM
    exit 1
fi
</string>
			<key>showEnvVarsInLog</key>
			<string>0</string>
		</dict>
		<key>492DF1C9747F3199834F04E0</key>
		<dict>
			<key>children</key>
			<array>
				<string>6C0CBB4B1045FFFEC69C8BD4</string>
				<string>F993F5106EF672D098964B1E</string>
			</array>
			<key>isa</key>
			<string>PBXGroup</string>
			<key>name</key>
			<string>Pods</string>
			<key>sourceTree</key>
			<string>&lt;group&gt;</string>
		</dict>
		<key>61601C59151BA0C700A81E39</key>
		<dict>
			<key>fileEncoding</key>
			<string>4</string>
			<key>isa</key>
			<string>PBXFileReference</string>
			<key>lastKnownFileType</key>
			<string>sourcecode.c.h</string>
			<key>path</key>
			<string>Utils.h</string>
			<key>sourceTree</key>
			<string>&lt;group&gt;</string>
		</dict>
		<key>61601C5A151BA0C700A81E39</key>
		<dict>
			<key>fileEncoding</key>
			<string>4</string>
			<key>isa</key>
			<string>PBXFileReference</string>
			<key>lastKnownFileType</key>
			<string>sourcecode.c.objc</string>
			<key>path</key>
			<string>Utils.m</string>
			<key>sourceTree</key>
			<string>&lt;group&gt;</string>
		</dict>
		<key>61601C5B151BA0C700A81E39</key>
		<dict>
			<key>fileRef</key>
			<string>61601C5A151BA0C700A81E39</string>
			<key>isa</key>
			<string>PBXBuildFile</string>
		</dict>
		<key>650329E31549066000C4D628</key>
		<dict>
			<key>fileEncoding</key>
			<string>4</string>
			<key>isa</key>
			<string>PBXFileReference</string>
			<key>lastKnownFileType</key>
			<string>sourcecode.c.h</string>
			<key>path</key>
			<string>EditAssignmentViewController.h</string>
			<key>sourceTree</key>
			<string>&lt;group&gt;</string>
		</dict>
		<key>650329E41549066000C4D628</key>
		<dict>
			<key>fileEncoding</key>
			<string>4</string>
			<key>isa</key>
			<string>PBXFileReference</string>
			<key>lastKnownFileType</key>
			<string>sourcecode.c.objc</string>
			<key>path</key>
			<string>EditAssignmentViewController.m</string>
			<key>sourceTree</key>
			<string>&lt;group&gt;</string>
		</dict>
		<key>650329E51549066000C4D628</key>
		<dict>
			<key>fileRef</key>
			<string>650329E41549066000C4D628</string>
			<key>isa</key>
			<string>PBXBuildFile</string>
		</dict>
		<key>65199924150D4DE6007FD5A6</key>
		<dict>
			<key>fileEncoding</key>
			<string>4</string>
			<key>isa</key>
			<string>PBXFileReference</string>
			<key>lastKnownFileType</key>
			<string>sourcecode.c.h</string>
			<key>path</key>
			<string>AssignmentCell.h</string>
			<key>sourceTree</key>
			<string>&lt;group&gt;</string>
		</dict>
		<key>65199925150D4DE6007FD5A6</key>
		<dict>
			<key>fileEncoding</key>
			<string>4</string>
			<key>isa</key>
			<string>PBXFileReference</string>
			<key>lastKnownFileType</key>
			<string>sourcecode.c.objc</string>
			<key>path</key>
			<string>AssignmentCell.m</string>
			<key>sourceTree</key>
			<string>&lt;group&gt;</string>
		</dict>
		<key>65199926150D4DE6007FD5A6</key>
		<dict>
			<key>fileRef</key>
			<string>65199925150D4DE6007FD5A6</string>
			<key>isa</key>
			<string>PBXBuildFile</string>
		</dict>
		<key>65199928150D4F4B007FD5A6</key>
		<dict>
			<key>fileEncoding</key>
			<string>4</string>
			<key>isa</key>
			<string>PBXFileReference</string>
			<key>lastKnownFileType</key>
			<string>sourcecode.c.h</string>
			<key>path</key>
			<string>AssignmentsViewController.h</string>
			<key>sourceTree</key>
			<string>&lt;group&gt;</string>
		</dict>
		<key>65199929150D4F4B007FD5A6</key>
		<dict>
			<key>fileEncoding</key>
			<string>4</string>
			<key>isa</key>
			<string>PBXFileReference</string>
			<key>lastKnownFileType</key>
			<string>sourcecode.c.objc</string>
			<key>path</key>
			<string>AssignmentsViewController.m</string>
			<key>sourceTree</key>
			<string>&lt;group&gt;</string>
		</dict>
		<key>6519992A150D4F4B007FD5A6</key>
		<dict>
			<key>fileRef</key>
			<string>65199929150D4F4B007FD5A6</string>
			<key>isa</key>
			<string>PBXBuildFile</string>
		</dict>
		<key>6524C7CB1854D0D00064E7B1</key>
		<dict>
			<key>isa</key>
			<string>PBXFileReference</string>
			<key>lastKnownFileType</key>
			<string>sourcecode.c.h</string>
			<key>path</key>
			<string>Constants.h</string>
			<key>sourceTree</key>
			<string>&lt;group&gt;</string>
		</dict>
		<key>6524C7CC1854D5130064E7B1</key>
		<dict>
			<key>fileEncoding</key>
			<string>4</string>
			<key>isa</key>
			<string>PBXFileReference</string>
			<key>lastKnownFileType</key>
			<string>sourcecode.c.objc</string>
			<key>path</key>
			<string>Constants.m</string>
			<key>sourceTree</key>
			<string>&lt;group&gt;</string>
		</dict>
		<key>6524C7CD1854D5130064E7B1</key>
		<dict>
			<key>fileRef</key>
			<string>6524C7CC1854D5130064E7B1</string>
			<key>isa</key>
			<string>PBXBuildFile</string>
		</dict>
		<key>6527C31C15071551007B8F26</key>
		<dict>
			<key>fileEncoding</key>
			<string>4</string>
			<key>isa</key>
			<string>PBXFileReference</string>
			<key>lastKnownFileType</key>
			<string>sourcecode.c.h</string>
			<key>path</key>
			<string>SubjectCell.h</string>
			<key>sourceTree</key>
			<string>&lt;group&gt;</string>
		</dict>
		<key>6527C31D15071551007B8F26</key>
		<dict>
			<key>fileEncoding</key>
			<string>4</string>
			<key>isa</key>
			<string>PBXFileReference</string>
			<key>lastKnownFileType</key>
			<string>sourcecode.c.objc</string>
			<key>path</key>
			<string>SubjectCell.m</string>
			<key>sourceTree</key>
			<string>&lt;group&gt;</string>
		</dict>
		<key>6527C31E15071551007B8F26</key>
		<dict>
			<key>fileRef</key>
			<string>6527C31D15071551007B8F26</string>
			<key>isa</key>
			<string>PBXBuildFile</string>
		</dict>
		<key>6527C320150718FD007B8F26</key>
		<dict>
			<key>fileEncoding</key>
			<string>4</string>
			<key>isa</key>
			<string>PBXFileReference</string>
			<key>lastKnownFileType</key>
			<string>sourcecode.c.h</string>
			<key>path</key>
			<string>NewClassViewController.h</string>
			<key>sourceTree</key>
			<string>&lt;group&gt;</string>
		</dict>
		<key>6527C321150718FD007B8F26</key>
		<dict>
			<key>fileEncoding</key>
			<string>4</string>
			<key>isa</key>
			<string>PBXFileReference</string>
			<key>lastKnownFileType</key>
			<string>sourcecode.c.objc</string>
			<key>path</key>
			<string>NewClassViewController.m</string>
			<key>sourceTree</key>
			<string>&lt;group&gt;</string>
		</dict>
		<key>6527C322150718FD007B8F26</key>
		<dict>
			<key>fileRef</key>
			<string>6527C321150718FD007B8F26</string>
			<key>isa</key>
			<string>PBXBuildFile</string>
		</dict>
		<key>652859F4150ED19900296718</key>
		<dict>
			<key>fileEncoding</key>
			<string>4</string>
			<key>isa</key>
			<string>PBXFileReference</string>
			<key>lastKnownFileType</key>
			<string>sourcecode.c.objc</string>
			<key>path</key>
			<string>NSString-truncateToWidth.m</string>
			<key>sourceTree</key>
			<string>&lt;group&gt;</string>
		</dict>
		<key>652859F5150ED19900296718</key>
		<dict>
			<key>fileRef</key>
			<string>652859F4150ED19900296718</string>
			<key>isa</key>
			<string>PBXBuildFile</string>
		</dict>
		<key>652859F7150ED1B200296718</key>
		<dict>
			<key>fileEncoding</key>
			<string>4</string>
			<key>isa</key>
			<string>PBXFileReference</string>
			<key>lastKnownFileType</key>
			<string>sourcecode.c.h</string>
			<key>path</key>
			<string>NSString-truncateToWidth.h</string>
			<key>sourceTree</key>
			<string>&lt;group&gt;</string>
		</dict>
		<key>652A624715478BAC00FE17E5</key>
		<dict>
			<key>fileEncoding</key>
			<string>4</string>
			<key>isa</key>
			<string>PBXFileReference</string>
			<key>lastKnownFileType</key>
			<string>sourcecode.c.h</string>
			<key>path</key>
			<string>EditClassViewController.h</string>
			<key>sourceTree</key>
			<string>&lt;group&gt;</string>
		</dict>
		<key>652A624815478BAC00FE17E5</key>
		<dict>
			<key>fileEncoding</key>
			<string>4</string>
			<key>isa</key>
			<string>PBXFileReference</string>
			<key>lastKnownFileType</key>
			<string>sourcecode.c.objc</string>
			<key>path</key>
			<string>EditClassViewController.m</string>
			<key>sourceTree</key>
			<string>&lt;group&gt;</string>
		</dict>
		<key>652A624915478BAC00FE17E5</key>
		<dict>
			<key>fileRef</key>
			<string>652A624815478BAC00FE17E5</string>
			<key>isa</key>
			<string>PBXBuildFile</string>
		</dict>
		<key>653D95861852E4BA0048E229</key>
		<dict>
			<key>buildActionMask</key>
			<string>2147483647</string>
			<key>files</key>
			<array/>
			<key>inputPaths</key>
			<array/>
			<key>isa</key>
			<string>PBXShellScriptBuildPhase</string>
			<key>name</key>
			<string>Build Date for Build</string>
			<key>outputPaths</key>
			<array/>
			<key>runOnlyForDeploymentPostprocessing</key>
			<string>0</string>
			<key>shellPath</key>
			<string>/bin/sh</string>
			<key>shellScript</key>
			<string>buildPlist="$PRODUCT_SETTINGS_PATH"
CFBuildDate=$(date)
/usr/libexec/PlistBuddy -c "Set :CFBuildDate $CFBuildDate" "$buildPlist"
touch "$buildPlist"</string>
		</dict>
		<key>654168D1184ED8C500AC79A2</key>
		<dict>
			<key>isa</key>
			<string>PBXFileReference</string>
			<key>lastKnownFileType</key>
			<string>wrapper.framework</string>
			<key>name</key>
			<string>Social.framework</string>
			<key>path</key>
			<string>System/Library/Frameworks/Social.framework</string>
			<key>sourceTree</key>
			<string>SDKROOT</string>
		</dict>
		<key>654168D2184ED8C500AC79A2</key>
		<dict>
			<key>fileRef</key>
			<string>654168D1184ED8C500AC79A2</string>
			<key>isa</key>
			<string>PBXBuildFile</string>
		</dict>
		<key>654A84111554D39E00744CB3</key>
		<dict>
			<key>fileEncoding</key>
			<string>4</string>
			<key>isa</key>
			<string>PBXFileReference</string>
			<key>lastKnownFileType</key>
			<string>sourcecode.c.h</string>
			<key>path</key>
			<string>Subject.h</string>
			<key>sourceTree</key>
			<string>&lt;group&gt;</string>
		</dict>
		<key>654A84121554D39F00744CB3</key>
		<dict>
			<key>fileEncoding</key>
			<string>4</string>
			<key>isa</key>
			<string>PBXFileReference</string>
			<key>lastKnownFileType</key>
			<string>sourcecode.c.objc</string>
			<key>path</key>
			<string>Subject.m</string>
			<key>sourceTree</key>
			<string>&lt;group&gt;</string>
		</dict>
		<key>654A84131554D39F00744CB3</key>
		<dict>
			<key>fileRef</key>
			<string>654A84121554D39F00744CB3</string>
			<key>isa</key>
			<string>PBXBuildFile</string>
		</dict>
		<key>65507DD31509885500BA6D5E</key>
		<dict>
			<key>fileEncoding</key>
			<string>4</string>
			<key>isa</key>
			<string>PBXFileReference</string>
			<key>lastKnownFileType</key>
			<string>sourcecode.c.h</string>
			<key>path</key>
			<string>AddSubjectPickerViewController.h</string>
			<key>sourceTree</key>
			<string>&lt;group&gt;</string>
		</dict>
		<key>65507DD41509885500BA6D5E</key>
		<dict>
			<key>fileEncoding</key>
			<string>4</string>
			<key>isa</key>
			<string>PBXFileReference</string>
			<key>lastKnownFileType</key>
			<string>sourcecode.c.objc</string>
			<key>path</key>
			<string>AddSubjectPickerViewController.m</string>
			<key>sourceTree</key>
			<string>&lt;group&gt;</string>
		</dict>
		<key>65507DD51509885500BA6D5E</key>
		<dict>
			<key>fileRef</key>
			<string>65507DD41509885500BA6D5E</string>
			<key>isa</key>
			<string>PBXBuildFile</string>
		</dict>
		<key>6550B51615815EB600FBAD16</key>
		<dict>
			<key>fileEncoding</key>
			<string>4</string>
			<key>isa</key>
			<string>PBXFileReference</string>
			<key>lastKnownFileType</key>
			<string>file.storyboard</string>
			<key>path</key>
			<string>MainStoryboard-iPad.storyboard</string>
			<key>sourceTree</key>
			<string>&lt;group&gt;</string>
		</dict>
		<key>6550B51715815EB600FBAD16</key>
		<dict>
			<key>fileRef</key>
			<string>6550B51615815EB600FBAD16</string>
			<key>isa</key>
			<string>PBXBuildFile</string>
		</dict>
		<key>655413ED15532E2600199B10</key>
		<dict>
			<key>children</key>
			<array>
				<string>657EF1AC184F09B3006144D3</string>
				<string>657EF1AB184F0796006144D3</string>
				<string>655413EE15532E2600199B10</string>
			</array>
			<key>currentVersion</key>
			<string>657EF1AC184F09B3006144D3</string>
			<key>isa</key>
			<string>XCVersionGroup</string>
			<key>path</key>
			<string>Data.xcdatamodeld</string>
			<key>sourceTree</key>
			<string>&lt;group&gt;</string>
			<key>versionGroupType</key>
			<string>wrapper.xcdatamodel</string>
		</dict>
		<key>655413EE15532E2600199B10</key>
		<dict>
			<key>isa</key>
			<string>PBXFileReference</string>
			<key>lastKnownFileType</key>
			<string>wrapper.xcdatamodel</string>
			<key>path</key>
			<string>Version 1.xcdatamodel</string>
			<key>sourceTree</key>
			<string>&lt;group&gt;</string>
		</dict>
		<key>655413EF15532E2600199B10</key>
		<dict>
			<key>fileRef</key>
			<string>655413ED15532E2600199B10</string>
			<key>isa</key>
			<string>PBXBuildFile</string>
		</dict>
		<key>65637C7F184FEE67008E8F19</key>
		<dict>
			<key>fileEncoding</key>
			<string>4</string>
			<key>isa</key>
			<string>PBXFileReference</string>
			<key>lastKnownFileType</key>
			<string>sourcecode.c.h</string>
			<key>path</key>
			<string>Assignment.h</string>
			<key>sourceTree</key>
			<string>&lt;group&gt;</string>
		</dict>
		<key>65637C80184FEE67008E8F19</key>
		<dict>
			<key>fileEncoding</key>
			<string>4</string>
			<key>isa</key>
			<string>PBXFileReference</string>
			<key>lastKnownFileType</key>
			<string>sourcecode.c.objc</string>
			<key>path</key>
			<string>Assignment.m</string>
			<key>sourceTree</key>
			<string>&lt;group&gt;</string>
		</dict>
		<key>65637C81184FEE67008E8F19</key>
		<dict>
			<key>fileRef</key>
			<string>65637C80184FEE67008E8F19</string>
			<key>isa</key>
			<string>PBXBuildFile</string>
		</dict>
		<key>6567C2451508054C00859E02</key>
		<dict>
			<key>fileEncoding</key>
			<string>4</string>
			<key>isa</key>
			<string>PBXFileReference</string>
			<key>lastKnownFileType</key>
			<string>sourcecode.c.h</string>
			<key>path</key>
			<string>SubjectPickerViewController.h</string>
			<key>sourceTree</key>
			<string>&lt;group&gt;</string>
		</dict>
		<key>6567C2461508054C00859E02</key>
		<dict>
			<key>fileEncoding</key>
			<string>4</string>
			<key>isa</key>
			<string>PBXFileReference</string>
			<key>lastKnownFileType</key>
			<string>sourcecode.c.objc</string>
			<key>path</key>
			<string>SubjectPickerViewController.m</string>
			<key>sourceTree</key>
			<string>&lt;group&gt;</string>
		</dict>
		<key>6567C2471508054C00859E02</key>
		<dict>
			<key>fileRef</key>
			<string>6567C2461508054C00859E02</string>
			<key>isa</key>
			<string>PBXBuildFile</string>
		</dict>
		<key>657AA0F715159E780045148B</key>
		<dict>
			<key>fileEncoding</key>
			<string>4</string>
			<key>isa</key>
			<string>PBXFileReference</string>
			<key>lastKnownFileType</key>
			<string>sourcecode.c.h</string>
			<key>path</key>
			<string>AboutViewController.h</string>
			<key>sourceTree</key>
			<string>&lt;group&gt;</string>
		</dict>
		<key>657AA0F815159E780045148B</key>
		<dict>
			<key>fileEncoding</key>
			<string>4</string>
			<key>isa</key>
			<string>PBXFileReference</string>
			<key>lastKnownFileType</key>
			<string>sourcecode.c.objc</string>
			<key>path</key>
			<string>AboutViewController.m</string>
			<key>sourceTree</key>
			<string>&lt;group&gt;</string>
		</dict>
		<key>657AA0F915159E780045148B</key>
		<dict>
			<key>fileRef</key>
			<string>657AA0F815159E780045148B</string>
			<key>isa</key>
			<string>PBXBuildFile</string>
		</dict>
		<key>657EF1AB184F0796006144D3</key>
		<dict>
			<key>isa</key>
			<string>PBXFileReference</string>
			<key>lastKnownFileType</key>
			<string>wrapper.xcdatamodel</string>
			<key>path</key>
			<string>Version 2.xcdatamodel</string>
			<key>sourceTree</key>
			<string>&lt;group&gt;</string>
		</dict>
		<key>657EF1AC184F09B3006144D3</key>
		<dict>
			<key>isa</key>
			<string>PBXFileReference</string>
			<key>lastKnownFileType</key>
			<string>wrapper.xcdatamodel</string>
			<key>path</key>
			<string>Version 3.xcdatamodel</string>
			<key>sourceTree</key>
			<string>&lt;group&gt;</string>
		</dict>
		<key>6581F3EE1942CF6B002705B1</key>
		<dict>
			<key>children</key>
			<array>
				<string>6581F3EF1942D21F002705B1</string>
				<string>6581F3F01942D21F002705B1</string>
			</array>
			<key>isa</key>
			<string>PBXGroup</string>
			<key>name</key>
			<string>Drawer</string>
			<key>sourceTree</key>
			<string>&lt;group&gt;</string>
		</dict>
		<key>6581F3EF1942D21F002705B1</key>
		<dict>
			<key>fileEncoding</key>
			<string>4</string>
			<key>isa</key>
			<string>PBXFileReference</string>
			<key>lastKnownFileType</key>
			<string>sourcecode.c.h</string>
			<key>path</key>
			<string>MenuTableViewController.h</string>
			<key>sourceTree</key>
			<string>&lt;group&gt;</string>
		</dict>
		<key>6581F3F01942D21F002705B1</key>
		<dict>
			<key>fileEncoding</key>
			<string>4</string>
			<key>isa</key>
			<string>PBXFileReference</string>
			<key>lastKnownFileType</key>
			<string>sourcecode.c.objc</string>
			<key>path</key>
			<string>MenuTableViewController.m</string>
			<key>sourceTree</key>
			<string>&lt;group&gt;</string>
		</dict>
		<key>6581F3F11942D21F002705B1</key>
		<dict>
			<key>fileRef</key>
			<string>6581F3F01942D21F002705B1</string>
			<key>isa</key>
			<string>PBXBuildFile</string>
		</dict>
		<key>6581F3F21942DF05002705B1</key>
		<dict>
			<key>fileEncoding</key>
			<string>4</string>
			<key>isa</key>
			<string>PBXFileReference</string>
			<key>lastKnownFileType</key>
			<string>sourcecode.c.h</string>
			<key>path</key>
			<string>MenuCell.h</string>
			<key>sourceTree</key>
			<string>&lt;group&gt;</string>
		</dict>
		<key>6581F3F31942DF05002705B1</key>
		<dict>
			<key>fileEncoding</key>
			<string>4</string>
			<key>isa</key>
			<string>PBXFileReference</string>
			<key>lastKnownFileType</key>
			<string>sourcecode.c.objc</string>
			<key>path</key>
			<string>MenuCell.m</string>
			<key>sourceTree</key>
			<string>&lt;group&gt;</string>
		</dict>
		<key>6581F3F41942DF05002705B1</key>
		<dict>
			<key>fileRef</key>
			<string>6581F3F31942DF05002705B1</string>
			<key>isa</key>
			<string>PBXBuildFile</string>
		</dict>
		<key>6581F3F51942E65F002705B1</key>
		<dict>
			<key>fileEncoding</key>
			<string>4</string>
			<key>isa</key>
			<string>PBXFileReference</string>
			<key>lastKnownFileType</key>
			<string>sourcecode.c.h</string>
			<key>path</key>
			<string>MenuTableViewHeader.h</string>
			<key>sourceTree</key>
			<string>&lt;group&gt;</string>
		</dict>
		<key>6581F3F61942E65F002705B1</key>
		<dict>
			<key>fileEncoding</key>
			<string>4</string>
			<key>isa</key>
			<string>PBXFileReference</string>
			<key>lastKnownFileType</key>
			<string>sourcecode.c.objc</string>
			<key>path</key>
			<string>MenuTableViewHeader.m</string>
			<key>sourceTree</key>
			<string>&lt;group&gt;</string>
		</dict>
		<key>6581F3F71942E65F002705B1</key>
		<dict>
			<key>fileRef</key>
			<string>6581F3F61942E65F002705B1</string>
			<key>isa</key>
			<string>PBXBuildFile</string>
		</dict>
		<key>6581F924193EC61200D6AD98</key>
		<dict>
			<key>isa</key>
			<string>PBXFileReference</string>
			<key>lastKnownFileType</key>
			<string>sourcecode.c.h</string>
			<key>path</key>
			<string>Defines.h</string>
			<key>sourceTree</key>
			<string>&lt;group&gt;</string>
		</dict>
		<key>6581F925193EE41A00D6AD98</key>
		<dict>
			<key>children</key>
			<array>
				<string>6527C31C15071551007B8F26</string>
				<string>6527C31D15071551007B8F26</string>
				<string>65199924150D4DE6007FD5A6</string>
				<string>65199925150D4DE6007FD5A6</string>
				<string>6581F3F21942DF05002705B1</string>
				<string>6581F3F31942DF05002705B1</string>
				<string>6581F3F51942E65F002705B1</string>
				<string>6581F3F61942E65F002705B1</string>
			</array>
			<key>isa</key>
			<string>PBXGroup</string>
			<key>name</key>
			<string>Cells</string>
			<key>sourceTree</key>
			<string>&lt;group&gt;</string>
		</dict>
		<key>6581F926193EE43700D6AD98</key>
		<dict>
			<key>children</key>
			<array>
				<string>65637C7F184FEE67008E8F19</string>
				<string>65637C80184FEE67008E8F19</string>
				<string>65A841A61506FE5100C6B779</string>
				<string>65A841A71506FE5100C6B779</string>
				<string>654A84111554D39E00744CB3</string>
				<string>654A84121554D39F00744CB3</string>
			</array>
			<key>isa</key>
			<string>PBXGroup</string>
			<key>name</key>
			<string>Models</string>
			<key>sourceTree</key>
			<string>&lt;group&gt;</string>
		</dict>
		<key>6581F927193EE46300D6AD98</key>
		<dict>
			<key>children</key>
			<array>
				<string>6581F3EE1942CF6B002705B1</string>
				<string>6581F928193EE47100D6AD98</string>
				<string>6581F92A193EE4A700D6AD98</string>
				<string>6581F92B193EE4B800D6AD98</string>
				<string>6581F92C193EE4D600D6AD98</string>
				<string>6581F92D193EE4EA00D6AD98</string>
				<string>6581F92E193EE4FE00D6AD98</string>
				<string>6581F92F193EE54400D6AD98</string>
				<string>6581F930193EE55400D6AD98</string>
				<string>6581F931193EE56800D6AD98</string>
			</array>
			<key>isa</key>
			<string>PBXGroup</string>
			<key>name</key>
			<string>View Controllers</string>
			<key>sourceTree</key>
			<string>&lt;group&gt;</string>
		</dict>
		<key>6581F928193EE47100D6AD98</key>
		<dict>
			<key>children</key>
			<array>
				<string>657AA0F715159E780045148B</string>
				<string>657AA0F815159E780045148B</string>
			</array>
			<key>isa</key>
			<string>PBXGroup</string>
			<key>name</key>
			<string>About</string>
			<key>sourceTree</key>
			<string>&lt;group&gt;</string>
		</dict>
		<key>6581F92A193EE4A700D6AD98</key>
		<dict>
			<key>children</key>
			<array>
				<string>65A841A31506F97F00C6B779</string>
				<string>65A841A41506F97F00C6B779</string>
			</array>
			<key>isa</key>
			<string>PBXGroup</string>
			<key>name</key>
			<string>Class List</string>
			<key>sourceTree</key>
			<string>&lt;group&gt;</string>
		</dict>
		<key>6581F92B193EE4B800D6AD98</key>
		<dict>
			<key>children</key>
			<array>
				<string>652A624715478BAC00FE17E5</string>
				<string>652A624815478BAC00FE17E5</string>
			</array>
			<key>isa</key>
			<string>PBXGroup</string>
			<key>name</key>
			<string>Edit Class</string>
			<key>sourceTree</key>
			<string>&lt;group&gt;</string>
		</dict>
		<key>6581F92C193EE4D600D6AD98</key>
		<dict>
			<key>children</key>
			<array>
				<string>6527C320150718FD007B8F26</string>
				<string>6527C321150718FD007B8F26</string>
			</array>
			<key>isa</key>
			<string>PBXGroup</string>
			<key>name</key>
			<string>New Class</string>
			<key>sourceTree</key>
			<string>&lt;group&gt;</string>
		</dict>
		<key>6581F92D193EE4EA00D6AD98</key>
		<dict>
			<key>children</key>
			<array>
				<string>6567C2451508054C00859E02</string>
				<string>6567C2461508054C00859E02</string>
			</array>
			<key>isa</key>
			<string>PBXGroup</string>
			<key>name</key>
			<string>Subject Picker</string>
			<key>sourceTree</key>
			<string>&lt;group&gt;</string>
		</dict>
		<key>6581F92E193EE4FE00D6AD98</key>
		<dict>
			<key>children</key>
			<array>
				<string>65507DD31509885500BA6D5E</string>
				<string>65507DD41509885500BA6D5E</string>
			</array>
			<key>isa</key>
			<string>PBXGroup</string>
			<key>name</key>
			<string>Add Subject Picker</string>
			<key>sourceTree</key>
			<string>&lt;group&gt;</string>
		</dict>
		<key>6581F92F193EE54400D6AD98</key>
		<dict>
			<key>children</key>
			<array>
				<string>65199928150D4F4B007FD5A6</string>
				<string>65199929150D4F4B007FD5A6</string>
			</array>
			<key>isa</key>
			<string>PBXGroup</string>
			<key>name</key>
			<string>Assignments List</string>
			<key>sourceTree</key>
			<string>&lt;group&gt;</string>
		</dict>
		<key>6581F930193EE55400D6AD98</key>
		<dict>
			<key>children</key>
			<array>
				<string>650329E31549066000C4D628</string>
				<string>650329E41549066000C4D628</string>
			</array>
			<key>isa</key>
			<string>PBXGroup</string>
			<key>name</key>
			<string>Edit Assignment</string>
			<key>sourceTree</key>
			<string>&lt;group&gt;</string>
		</dict>
		<key>6581F931193EE56800D6AD98</key>
		<dict>
			<key>children</key>
			<array>
				<string>65D57170150EAE4C00B9F47E</string>
				<string>65D57171150EAE4C00B9F47E</string>
			</array>
			<key>isa</key>
			<string>PBXGroup</string>
			<key>name</key>
			<string>New Assignment</string>
			<key>sourceTree</key>
			<string>&lt;group&gt;</string>
		</dict>
		<key>6581F932193EE57B00D6AD98</key>
		<dict>
			<key>children</key>
			<array>
				<string>61601C59151BA0C700A81E39</string>
				<string>61601C5A151BA0C700A81E39</string>
				<string>6524C7CB1854D0D00064E7B1</string>
				<string>6524C7CC1854D5130064E7B1</string>
				<string>6581F924193EC61200D6AD98</string>
				<string>652859F7150ED1B200296718</string>
				<string>652859F4150ED19900296718</string>
			</array>
			<key>isa</key>
			<string>PBXGroup</string>
			<key>name</key>
			<string>Utils</string>
			<key>sourceTree</key>
			<string>&lt;group&gt;</string>
		</dict>
		<key>6581F962193FC58B00D6AD98</key>
		<dict>
			<key>fileEncoding</key>
			<string>4</string>
			<key>isa</key>
			<string>PBXFileReference</string>
			<key>lastKnownFileType</key>
			<string>sourcecode.c.h</string>
			<key>path</key>
			<string>HeaderCell.h</string>
			<key>sourceTree</key>
			<string>&lt;group&gt;</string>
		</dict>
		<key>6581F963193FC58B00D6AD98</key>
		<dict>
			<key>fileEncoding</key>
			<string>4</string>
			<key>isa</key>
			<string>PBXFileReference</string>
			<key>lastKnownFileType</key>
			<string>sourcecode.c.objc</string>
			<key>path</key>
			<string>HeaderCell.m</string>
			<key>sourceTree</key>
			<string>&lt;group&gt;</string>
		</dict>
		<key>6581F964193FC58B00D6AD98</key>
		<dict>
			<key>fileRef</key>
			<string>6581F963193FC58B00D6AD98</string>
			<key>isa</key>
			<string>PBXBuildFile</string>
		</dict>
		<key>658FF58D154895A400D72959</key>
		<dict>
			<key>isa</key>
			<string>PBXFileReference</string>
			<key>lastKnownFileType</key>
			<string>wrapper.framework</string>
			<key>name</key>
			<string>QuartzCore.framework</string>
			<key>path</key>
			<string>System/Library/Frameworks/QuartzCore.framework</string>
			<key>sourceTree</key>
			<string>SDKROOT</string>
		</dict>
		<key>658FF58E154895A400D72959</key>
		<dict>
			<key>fileRef</key>
			<string>658FF58D154895A400D72959</string>
			<key>isa</key>
			<string>PBXBuildFile</string>
		</dict>
		<key>65924875184EF43700845C38</key>
		<dict>
			<key>isa</key>
			<string>PBXFileReference</string>
			<key>lastKnownFileType</key>
			<string>folder</string>
			<key>path</key>
			<string>Images</string>
			<key>sourceTree</key>
			<string>SOURCE_ROOT</string>
		</dict>
		<key>65924876184EF43700845C38</key>
		<dict>
			<key>fileRef</key>
			<string>65924875184EF43700845C38</string>
			<key>isa</key>
			<string>PBXBuildFile</string>
		</dict>
		<key>65924877184EF44600845C38</key>
		<dict>
			<key>isa</key>
			<string>PBXFileReference</string>
			<key>lastKnownFileType</key>
			<string>folder.assetcatalog</string>
			<key>path</key>
			<string>Images.xcassets</string>
			<key>sourceTree</key>
			<string>&lt;group&gt;</string>
		</dict>
		<key>65924878184EF44600845C38</key>
		<dict>
			<key>fileRef</key>
			<string>65924877184EF44600845C38</string>
			<key>isa</key>
			<string>PBXBuildFile</string>
		</dict>
		<key>65A841461506ED9900C6B779</key>
		<dict>
			<key>children</key>
			<array>
				<string>65A8415B1506ED9900C6B779</string>
				<string>65A841541506ED9900C6B779</string>
				<string>65A841521506ED9900C6B779</string>
				<string>492DF1C9747F3199834F04E0</string>
			</array>
			<key>isa</key>
			<string>PBXGroup</string>
			<key>sourceTree</key>
			<string>&lt;group&gt;</string>
		</dict>
		<key>65A841481506ED9900C6B779</key>
		<dict>
			<key>attributes</key>
			<dict>
				<key>LastUpgradeCheck</key>
				<string>0500</string>
				<key>TargetAttributes</key>
				<dict>
					<key>65A841501506ED9900C6B779</key>
					<dict>
						<key>DevelopmentTeam</key>
						<string>DXD4278H9V</string>
						<key>SystemCapabilities</key>
						<dict>
							<key>com.apple.InAppPurchase</key>
							<dict>
								<key>enabled</key>
								<string>0</string>
							</dict>
							<key>com.apple.Keychain</key>
							<dict>
								<key>enabled</key>
								<string>0</string>
							</dict>
							<key>com.apple.iCloud</key>
							<dict>
								<key>enabled</key>
								<string>1</string>
							</dict>
						</dict>
					</dict>
				</dict>
			</dict>
			<key>buildConfigurationList</key>
			<string>65A8414B1506ED9900C6B779</string>
			<key>compatibilityVersion</key>
			<string>Xcode 3.2</string>
			<key>developmentRegion</key>
			<string>English</string>
			<key>hasScannedForEncodings</key>
			<string>0</string>
			<key>isa</key>
			<string>PBXProject</string>
			<key>knownRegions</key>
			<array>
				<string>en</string>
			</array>
			<key>mainGroup</key>
			<string>65A841461506ED9900C6B779</string>
			<key>productRefGroup</key>
			<string>65A841521506ED9900C6B779</string>
			<key>projectDirPath</key>
			<string></string>
			<key>projectReferences</key>
			<array/>
			<key>projectRoot</key>
			<string></string>
			<key>targets</key>
			<array>
				<string>65A841501506ED9900C6B779</string>
			</array>
		</dict>
		<key>65A8414B1506ED9900C6B779</key>
		<dict>
			<key>buildConfigurations</key>
			<array>
				<string>65A8416D1506ED9900C6B779</string>
				<string>65A8416E1506ED9900C6B779</string>
			</array>
			<key>defaultConfigurationIsVisible</key>
			<string>0</string>
			<key>defaultConfigurationName</key>
			<string>Release</string>
			<key>isa</key>
			<string>XCConfigurationList</string>
		</dict>
		<key>65A8414D1506ED9900C6B779</key>
		<dict>
			<key>buildActionMask</key>
			<string>2147483647</string>
			<key>files</key>
			<array>
				<string>65A841621506ED9900C6B779</string>
				<string>65A841661506ED9900C6B779</string>
				<string>65A841A51506F98000C6B779</string>
				<string>6527C31E15071551007B8F26</string>
				<string>6527C322150718FD007B8F26</string>
				<string>6567C2471508054C00859E02</string>
				<string>65507DD51509885500BA6D5E</string>
				<string>6581F964193FC58B00D6AD98</string>
				<string>65199926150D4DE6007FD5A6</string>
				<string>6519992A150D4F4B007FD5A6</string>
				<string>6581F3F11942D21F002705B1</string>
				<string>65D57172150EAE4C00B9F47E</string>
				<string>652859F5150ED19900296718</string>
				<string>657AA0F915159E780045148B</string>
				<string>61601C5B151BA0C700A81E39</string>
				<string>652A624915478BAC00FE17E5</string>
				<string>650329E51549066000C4D628</string>
				<string>6581F3F71942E65F002705B1</string>
				<string>6524C7CD1854D5130064E7B1</string>
				<string>655413EF15532E2600199B10</string>
				<string>65A841A81506FE5100C6B779</string>
				<string>654A84131554D39F00744CB3</string>
				<string>65637C81184FEE67008E8F19</string>
				<string>6581F3F41942DF05002705B1</string>
			</array>
			<key>isa</key>
			<string>PBXSourcesBuildPhase</string>
			<key>runOnlyForDeploymentPostprocessing</key>
			<string>0</string>
		</dict>
		<key>65A8414E1506ED9900C6B779</key>
		<dict>
			<key>buildActionMask</key>
			<string>2147483647</string>
			<key>files</key>
			<array>
				<string>65C22B53156CAA47001DE5DD</string>
				<string>65C22B51156CAA34001DE5DD</string>
				<string>65E14FD41553198C007D22AE</string>
				<string>65A891A1184BDC0800B2D266</string>
				<string>65A841581506ED9900C6B779</string>
				<string>65A841561506ED9900C6B779</string>
				<string>658FF58E154895A400D72959</string>
				<string>65C22B49156CA9E7001DE5DD</string>
				<string>65A891A0184BDBE900B2D266</string>
				<string>654168D2184ED8C500AC79A2</string>
				<string>D86F571A62044791BA454588</string>
			</array>
			<key>isa</key>
			<string>PBXFrameworksBuildPhase</string>
			<key>runOnlyForDeploymentPostprocessing</key>
			<string>0</string>
		</dict>
		<key>65A8414F1506ED9900C6B779</key>
		<dict>
			<key>buildActionMask</key>
			<string>2147483647</string>
			<key>files</key>
			<array>
				<string>65924876184EF43700845C38</string>
				<string>65924878184EF44600845C38</string>
				<string>65A841601506ED9900C6B779</string>
				<string>65A841691506ED9900C6B779</string>
				<string>6550B51715815EB600FBAD16</string>
			</array>
			<key>isa</key>
			<string>PBXResourcesBuildPhase</string>
			<key>runOnlyForDeploymentPostprocessing</key>
			<string>0</string>
		</dict>
		<key>65A841501506ED9900C6B779</key>
		<dict>
			<key>buildConfigurationList</key>
			<string>65A8416F1506ED9900C6B779</string>
			<key>buildPhases</key>
			<array>
				<string>2B2E95B38D964AE3AEAA9F31</string>
				<string>653D95861852E4BA0048E229</string>
				<string>65A8414D1506ED9900C6B779</string>
				<string>65A8414E1506ED9900C6B779</string>
				<string>65A8414F1506ED9900C6B779</string>
				<string>17B80BE64EDB4190A33B9B35</string>
			</array>
			<key>buildRules</key>
			<array/>
			<key>dependencies</key>
			<array/>
			<key>isa</key>
			<string>PBXNativeTarget</string>
			<key>name</key>
			<string>Agenda Book</string>
			<key>productName</key>
			<string>Agenda Book</string>
			<key>productReference</key>
			<string>65A841511506ED9900C6B779</string>
			<key>productType</key>
			<string>com.apple.product-type.application</string>
		</dict>
		<key>65A841511506ED9900C6B779</key>
		<dict>
			<key>explicitFileType</key>
			<string>wrapper.application</string>
			<key>includeInIndex</key>
			<string>0</string>
			<key>isa</key>
			<string>PBXFileReference</string>
			<key>path</key>
			<string>Agenda Book.app</string>
			<key>sourceTree</key>
			<string>BUILT_PRODUCTS_DIR</string>
		</dict>
		<key>65A841521506ED9900C6B779</key>
		<dict>
			<key>children</key>
			<array>
				<string>65A841511506ED9900C6B779</string>
			</array>
			<key>isa</key>
			<string>PBXGroup</string>
			<key>name</key>
			<string>Products</string>
			<key>sourceTree</key>
			<string>&lt;group&gt;</string>
		</dict>
		<key>65A841541506ED9900C6B779</key>
		<dict>
			<key>children</key>
			<array>
				<string>65C22B52156CAA47001DE5DD</string>
				<string>65C22B50156CAA34001DE5DD</string>
				<string>65E14FD31553198C007D22AE</string>
				<string>65A841591506ED9900C6B779</string>
				<string>65A841571506ED9900C6B779</string>
				<string>65A841551506ED9900C6B779</string>
				<string>658FF58D154895A400D72959</string>
				<string>65C22B48156CA9E7001DE5DD</string>
				<string>65B71B19155865390032C1E7</string>
				<string>654168D1184ED8C500AC79A2</string>
				<string>777FA57A2622488D9C30D8BB</string>
			</array>
			<key>isa</key>
			<string>PBXGroup</string>
			<key>name</key>
			<string>Frameworks</string>
			<key>sourceTree</key>
			<string>&lt;group&gt;</string>
		</dict>
		<key>65A841551506ED9900C6B779</key>
		<dict>
			<key>isa</key>
			<string>PBXFileReference</string>
			<key>lastKnownFileType</key>
			<string>wrapper.framework</string>
			<key>name</key>
			<string>UIKit.framework</string>
			<key>path</key>
			<string>System/Library/Frameworks/UIKit.framework</string>
			<key>sourceTree</key>
			<string>SDKROOT</string>
		</dict>
		<key>65A841561506ED9900C6B779</key>
		<dict>
			<key>fileRef</key>
			<string>65A841551506ED9900C6B779</string>
			<key>isa</key>
			<string>PBXBuildFile</string>
		</dict>
		<key>65A841571506ED9900C6B779</key>
		<dict>
			<key>isa</key>
			<string>PBXFileReference</string>
			<key>lastKnownFileType</key>
			<string>wrapper.framework</string>
			<key>name</key>
			<string>Foundation.framework</string>
			<key>path</key>
			<string>System/Library/Frameworks/Foundation.framework</string>
			<key>sourceTree</key>
			<string>SDKROOT</string>
		</dict>
		<key>65A841581506ED9900C6B779</key>
		<dict>
			<key>fileRef</key>
			<string>65A841571506ED9900C6B779</string>
			<key>isa</key>
			<string>PBXBuildFile</string>
		</dict>
		<key>65A841591506ED9900C6B779</key>
		<dict>
			<key>isa</key>
			<string>PBXFileReference</string>
			<key>lastKnownFileType</key>
			<string>wrapper.framework</string>
			<key>name</key>
			<string>CoreGraphics.framework</string>
			<key>path</key>
			<string>System/Library/Frameworks/CoreGraphics.framework</string>
			<key>sourceTree</key>
			<string>SDKROOT</string>
		</dict>
		<key>65A8415B1506ED9900C6B779</key>
		<dict>
			<key>children</key>
			<array>
				<string>65D95DCA153670C400EB7208</string>
				<string>65924877184EF44600845C38</string>
				<string>65924875184EF43700845C38</string>
				<string>65A841671506ED9900C6B779</string>
				<string>6550B51615815EB600FBAD16</string>
				<string>65A841641506ED9900C6B779</string>
				<string>65A841651506ED9900C6B779</string>
				<string>6581F925193EE41A00D6AD98</string>
				<string>6581F926193EE43700D6AD98</string>
				<string>6581F927193EE46300D6AD98</string>
				<string>6581F932193EE57B00D6AD98</string>
				<string>65A8415C1506ED9900C6B779</string>
				<string>655413ED15532E2600199B10</string>
				<string>6581F962193FC58B00D6AD98</string>
				<string>6581F963193FC58B00D6AD98</string>
			</array>
			<key>isa</key>
			<string>PBXGroup</string>
			<key>path</key>
			<string>Agenda Book</string>
			<key>sourceTree</key>
			<string>&lt;group&gt;</string>
		</dict>
		<key>65A8415C1506ED9900C6B779</key>
		<dict>
			<key>children</key>
			<array>
				<string>65A8415D1506ED9900C6B779</string>
				<string>65A8415E1506ED9900C6B779</string>
				<string>65A841611506ED9900C6B779</string>
				<string>65A841631506ED9900C6B779</string>
			</array>
			<key>isa</key>
			<string>PBXGroup</string>
			<key>name</key>
			<string>Supporting Files</string>
			<key>sourceTree</key>
			<string>&lt;group&gt;</string>
		</dict>
		<key>65A8415D1506ED9900C6B779</key>
		<dict>
			<key>isa</key>
			<string>PBXFileReference</string>
			<key>lastKnownFileType</key>
			<string>text.plist.xml</string>
			<key>path</key>
			<string>Agenda Book-Info.plist</string>
			<key>sourceTree</key>
			<string>&lt;group&gt;</string>
		</dict>
		<key>65A8415E1506ED9900C6B779</key>
		<dict>
			<key>children</key>
			<array>
				<string>65A8415F1506ED9900C6B779</string>
			</array>
			<key>isa</key>
			<string>PBXVariantGroup</string>
			<key>name</key>
			<string>InfoPlist.strings</string>
			<key>sourceTree</key>
			<string>&lt;group&gt;</string>
		</dict>
		<key>65A8415F1506ED9900C6B779</key>
		<dict>
			<key>isa</key>
			<string>PBXFileReference</string>
			<key>lastKnownFileType</key>
			<string>text.plist.strings</string>
			<key>name</key>
			<string>en</string>
			<key>path</key>
			<string>en.lproj/InfoPlist.strings</string>
			<key>sourceTree</key>
			<string>&lt;group&gt;</string>
		</dict>
		<key>65A841601506ED9900C6B779</key>
		<dict>
			<key>fileRef</key>
			<string>65A8415E1506ED9900C6B779</string>
			<key>isa</key>
			<string>PBXBuildFile</string>
		</dict>
		<key>65A841611506ED9900C6B779</key>
		<dict>
			<key>isa</key>
			<string>PBXFileReference</string>
			<key>lastKnownFileType</key>
			<string>sourcecode.c.objc</string>
			<key>path</key>
			<string>main.m</string>
			<key>sourceTree</key>
			<string>&lt;group&gt;</string>
		</dict>
		<key>65A841621506ED9900C6B779</key>
		<dict>
			<key>fileRef</key>
			<string>65A841611506ED9900C6B779</string>
			<key>isa</key>
			<string>PBXBuildFile</string>
		</dict>
		<key>65A841631506ED9900C6B779</key>
		<dict>
			<key>isa</key>
			<string>PBXFileReference</string>
			<key>lastKnownFileType</key>
			<string>sourcecode.c.h</string>
			<key>path</key>
			<string>Agenda Book-Prefix.pch</string>
			<key>sourceTree</key>
			<string>&lt;group&gt;</string>
		</dict>
		<key>65A841641506ED9900C6B779</key>
		<dict>
			<key>isa</key>
			<string>PBXFileReference</string>
			<key>lastKnownFileType</key>
			<string>sourcecode.c.h</string>
			<key>path</key>
			<string>AppDelegate.h</string>
			<key>sourceTree</key>
			<string>&lt;group&gt;</string>
		</dict>
		<key>65A841651506ED9900C6B779</key>
		<dict>
			<key>isa</key>
			<string>PBXFileReference</string>
			<key>lastKnownFileType</key>
			<string>sourcecode.c.objc</string>
			<key>path</key>
			<string>AppDelegate.m</string>
			<key>sourceTree</key>
			<string>&lt;group&gt;</string>
		</dict>
		<key>65A841661506ED9900C6B779</key>
		<dict>
			<key>fileRef</key>
			<string>65A841651506ED9900C6B779</string>
			<key>isa</key>
			<string>PBXBuildFile</string>
		</dict>
		<key>65A841671506ED9900C6B779</key>
		<dict>
			<key>children</key>
			<array>
				<string>65A841681506ED9900C6B779</string>
			</array>
			<key>isa</key>
			<string>PBXVariantGroup</string>
			<key>name</key>
			<string>MainStoryboard.storyboard</string>
			<key>sourceTree</key>
			<string>&lt;group&gt;</string>
		</dict>
		<key>65A841681506ED9900C6B779</key>
		<dict>
			<key>isa</key>
			<string>PBXFileReference</string>
			<key>lastKnownFileType</key>
			<string>file.storyboard</string>
			<key>name</key>
			<string>en</string>
			<key>path</key>
			<string>en.lproj/MainStoryboard.storyboard</string>
			<key>sourceTree</key>
			<string>&lt;group&gt;</string>
		</dict>
		<key>65A841691506ED9900C6B779</key>
		<dict>
			<key>fileRef</key>
			<string>65A841671506ED9900C6B779</string>
			<key>isa</key>
			<string>PBXBuildFile</string>
		</dict>
		<key>65A8416D1506ED9900C6B779</key>
		<dict>
			<key>buildSettings</key>
			<dict>
				<key>ALWAYS_SEARCH_USER_PATHS</key>
				<string>NO</string>
				<key>CLANG_ENABLE_OBJC_ARC</key>
				<string>YES</string>
				<key>CLANG_WARN_OBJC_MISSING_PROPERTY_SYNTHESIS</key>
				<string>NO</string>
				<key>CODE_SIGN_IDENTITY</key>
				<string>iPhone Developer</string>
				<key>GCC_PRECOMPILE_PREFIX_HEADER</key>
				<string>YES</string>
				<key>IPHONEOS_DEPLOYMENT_TARGET</key>
				<string>7.0</string>
				<key>ONLY_ACTIVE_ARCH</key>
				<string>YES</string>
				<key>PRECOMPS_INCLUDE_HEADERS_FROM_BUILT_PRODUCTS_DIR</key>
				<string>NO</string>
				<key>PROVISIONING_PROFILE</key>
				<string>A7938730-B069-4350-B7BE-31D13CA099FC</string>
				<key>SDKROOT</key>
				<string>iphoneos</string>
				<key>VALIDATE_PRODUCT</key>
				<string>YES</string>
			</dict>
			<key>isa</key>
			<string>XCBuildConfiguration</string>
			<key>name</key>
			<string>Debug</string>
		</dict>
		<key>65A8416E1506ED9900C6B779</key>
		<dict>
			<key>buildSettings</key>
			<dict>
				<key>ALWAYS_SEARCH_USER_PATHS</key>
				<string>NO</string>
				<key>CLANG_ENABLE_OBJC_ARC</key>
				<string>YES</string>
				<key>CLANG_WARN_OBJC_MISSING_PROPERTY_SYNTHESIS</key>
				<string>NO</string>
				<key>CODE_SIGN_IDENTITY</key>
				<string>iPhone Developer</string>
				<key>GCC_PRECOMPILE_PREFIX_HEADER</key>
				<string>YES</string>
				<key>IPHONEOS_DEPLOYMENT_TARGET</key>
				<string>7.0</string>
				<key>PRECOMPS_INCLUDE_HEADERS_FROM_BUILT_PRODUCTS_DIR</key>
				<string>NO</string>
				<key>PROVISIONING_PROFILE</key>
				<string>A7938730-B069-4350-B7BE-31D13CA099FC</string>
				<key>SDKROOT</key>
				<string>iphoneos</string>
				<key>VALIDATE_PRODUCT</key>
				<string>YES</string>
			</dict>
			<key>isa</key>
			<string>XCBuildConfiguration</string>
			<key>name</key>
			<string>Release</string>
		</dict>
		<key>65A8416F1506ED9900C6B779</key>
		<dict>
			<key>buildConfigurations</key>
			<array>
				<string>65A841701506ED9900C6B779</string>
				<string>65A841711506ED9900C6B779</string>
			</array>
			<key>defaultConfigurationIsVisible</key>
			<string>0</string>
			<key>defaultConfigurationName</key>
			<string>Release</string>
			<key>isa</key>
			<string>XCConfigurationList</string>
		</dict>
		<key>65A841701506ED9900C6B779</key>
		<dict>
			<key>baseConfigurationReference</key>
			<string>6C0CBB4B1045FFFEC69C8BD4</string>
			<key>buildSettings</key>
			<dict>
				<key>ASSETCATALOG_COMPILER_APPICON_NAME</key>
				<string>AppIcon</string>
				<key>ASSETCATALOG_COMPILER_LAUNCHIMAGE_NAME</key>
				<string>LaunchImage</string>
				<key>CLANG_ENABLE_MODULES</key>
				<string>YES</string>
				<key>CODE_SIGN_ENTITLEMENTS</key>
				<string>Agenda Book/Agenda Book.entitlements</string>
				<key>CODE_SIGN_IDENTITY</key>
				<string>iPhone Developer</string>
				<key>CODE_SIGN_IDENTITY[sdk=iphoneos*]</key>
				<string>iPhone Developer</string>
				<key>GCC_PREPROCESSOR_DEFINITIONS</key>
				<array>
					<string>$(inherited)</string>
					<string>COCOAPODS=1</string>
					<string>DEBUG=1</string>
				</array>
				<key>INFOPLIST_FILE</key>
				<string>$(SRCROOT)/Agenda Book/Agenda Book-Info.plist</string>
				<key>IPHONEOS_DEPLOYMENT_TARGET</key>
				<string>7.0</string>
				<key>LD_RUNPATH_SEARCH_PATHS</key>
				<string>$(inherited) @executable_path/Frameworks</string>
				<key>PRODUCT_NAME</key>
				<string>$(TARGET_NAME)</string>
				<key>PROVISIONING_PROFILE</key>
				<string></string>
			</dict>
			<key>isa</key>
			<string>XCBuildConfiguration</string>
			<key>name</key>
			<string>Debug</string>
		</dict>
		<key>65A841711506ED9900C6B779</key>
		<dict>
			<key>baseConfigurationReference</key>
			<string>F993F5106EF672D098964B1E</string>
			<key>buildSettings</key>
			<dict>
				<key>ASSETCATALOG_COMPILER_APPICON_NAME</key>
				<string>AppIcon</string>
				<key>ASSETCATALOG_COMPILER_LAUNCHIMAGE_NAME</key>
				<string>LaunchImage</string>
				<key>CLANG_ENABLE_MODULES</key>
				<string>YES</string>
				<key>CODE_SIGN_ENTITLEMENTS</key>
				<string>Agenda Book/Agenda Book.entitlements</string>
				<key>CODE_SIGN_IDENTITY</key>
				<string>iPhone Developer</string>
				<key>CODE_SIGN_IDENTITY[sdk=iphoneos*]</key>
				<string>iPhone Developer</string>
				<key>INFOPLIST_FILE</key>
				<string>$(SRCROOT)/Agenda Book/Agenda Book-Info.plist</string>
				<key>IPHONEOS_DEPLOYMENT_TARGET</key>
				<string>7.0</string>
				<key>LD_RUNPATH_SEARCH_PATHS</key>
				<string>$(inherited) @executable_path/Frameworks</string>
				<key>PRODUCT_NAME</key>
				<string>$(TARGET_NAME)</string>
				<key>PROVISIONING_PROFILE</key>
				<string></string>
			</dict>
			<key>isa</key>
			<string>XCBuildConfiguration</string>
			<key>name</key>
			<string>Release</string>
		</dict>
		<key>65A841A31506F97F00C6B779</key>
		<dict>
			<key>fileEncoding</key>
			<string>4</string>
			<key>isa</key>
			<string>PBXFileReference</string>
			<key>lastKnownFileType</key>
			<string>sourcecode.c.h</string>
			<key>path</key>
			<string>ClassesViewController.h</string>
			<key>sourceTree</key>
			<string>&lt;group&gt;</string>
		</dict>
		<key>65A841A41506F97F00C6B779</key>
		<dict>
			<key>fileEncoding</key>
			<string>4</string>
			<key>isa</key>
			<string>PBXFileReference</string>
			<key>lastKnownFileType</key>
			<string>sourcecode.c.objc</string>
			<key>path</key>
			<string>ClassesViewController.m</string>
			<key>sourceTree</key>
			<string>&lt;group&gt;</string>
		</dict>
		<key>65A841A51506F98000C6B779</key>
		<dict>
			<key>fileRef</key>
			<string>65A841A41506F97F00C6B779</string>
			<key>isa</key>
			<string>PBXBuildFile</string>
		</dict>
		<key>65A841A61506FE5100C6B779</key>
		<dict>
			<key>fileEncoding</key>
			<string>4</string>
			<key>isa</key>
			<string>PBXFileReference</string>
			<key>lastKnownFileType</key>
			<string>sourcecode.c.h</string>
			<key>path</key>
			<string>Info.h</string>
			<key>sourceTree</key>
			<string>&lt;group&gt;</string>
		</dict>
		<key>65A841A71506FE5100C6B779</key>
		<dict>
			<key>fileEncoding</key>
			<string>4</string>
			<key>isa</key>
			<string>PBXFileReference</string>
			<key>lastKnownFileType</key>
			<string>sourcecode.c.objc</string>
			<key>path</key>
			<string>Info.m</string>
			<key>sourceTree</key>
			<string>&lt;group&gt;</string>
		</dict>
		<key>65A841A81506FE5100C6B779</key>
		<dict>
			<key>fileRef</key>
			<string>65A841A71506FE5100C6B779</string>
			<key>isa</key>
			<string>PBXBuildFile</string>
		</dict>
		<key>65A891A0184BDBE900B2D266</key>
		<dict>
			<key>fileRef</key>
			<string>65B71B19155865390032C1E7</string>
			<key>isa</key>
			<string>PBXBuildFile</string>
		</dict>
		<key>65A891A1184BDC0800B2D266</key>
		<dict>
			<key>fileRef</key>
			<string>65A841591506ED9900C6B779</string>
			<key>isa</key>
			<string>PBXBuildFile</string>
		</dict>
		<key>65B71B19155865390032C1E7</key>
		<dict>
			<key>isa</key>
			<string>PBXFileReference</string>
			<key>lastKnownFileType</key>
			<string>wrapper.framework</string>
			<key>name</key>
			<string>iAd.framework</string>
			<key>path</key>
			<string>System/Library/Frameworks/iAd.framework</string>
			<key>sourceTree</key>
			<string>SDKROOT</string>
		</dict>
		<key>65C22B48156CA9E7001DE5DD</key>
		<dict>
			<key>isa</key>
			<string>PBXFileReference</string>
			<key>lastKnownFileType</key>
			<string>wrapper.framework</string>
			<key>name</key>
			<string>MobileCoreServices.framework</string>
			<key>path</key>
			<string>System/Library/Frameworks/MobileCoreServices.framework</string>
			<key>sourceTree</key>
			<string>SDKROOT</string>
		</dict>
		<key>65C22B49156CA9E7001DE5DD</key>
		<dict>
			<key>fileRef</key>
			<string>65C22B48156CA9E7001DE5DD</string>
			<key>isa</key>
			<string>PBXBuildFile</string>
		</dict>
		<key>65C22B50156CAA34001DE5DD</key>
		<dict>
			<key>isa</key>
			<string>PBXFileReference</string>
			<key>lastKnownFileType</key>
			<string>compiled.mach-o.dylib</string>
			<key>name</key>
			<string>libz.dylib</string>
			<key>path</key>
			<string>usr/lib/libz.dylib</string>
			<key>sourceTree</key>
			<string>SDKROOT</string>
		</dict>
		<key>65C22B51156CAA34001DE5DD</key>
		<dict>
			<key>fileRef</key>
			<string>65C22B50156CAA34001DE5DD</string>
			<key>isa</key>
			<string>PBXBuildFile</string>
		</dict>
		<key>65C22B52156CAA47001DE5DD</key>
		<dict>
			<key>isa</key>
			<string>PBXFileReference</string>
			<key>lastKnownFileType</key>
			<string>compiled.mach-o.dylib</string>
			<key>name</key>
			<string>libsqlite3.dylib</string>
			<key>path</key>
			<string>usr/lib/libsqlite3.dylib</string>
			<key>sourceTree</key>
			<string>SDKROOT</string>
		</dict>
		<key>65C22B53156CAA47001DE5DD</key>
		<dict>
			<key>fileRef</key>
			<string>65C22B52156CAA47001DE5DD</string>
			<key>isa</key>
			<string>PBXBuildFile</string>
		</dict>
		<key>65D57170150EAE4C00B9F47E</key>
		<dict>
			<key>fileEncoding</key>
			<string>4</string>
			<key>isa</key>
			<string>PBXFileReference</string>
			<key>lastKnownFileType</key>
			<string>sourcecode.c.h</string>
			<key>path</key>
			<string>NewAssignmentViewController.h</string>
			<key>sourceTree</key>
			<string>&lt;group&gt;</string>
		</dict>
		<key>65D57171150EAE4C00B9F47E</key>
		<dict>
			<key>fileEncoding</key>
			<string>4</string>
			<key>isa</key>
			<string>PBXFileReference</string>
			<key>lastKnownFileType</key>
			<string>sourcecode.c.objc</string>
			<key>path</key>
			<string>NewAssignmentViewController.m</string>
			<key>sourceTree</key>
			<string>&lt;group&gt;</string>
		</dict>
		<key>65D57172150EAE4C00B9F47E</key>
		<dict>
			<key>fileRef</key>
			<string>65D57171150EAE4C00B9F47E</string>
			<key>isa</key>
			<string>PBXBuildFile</string>
		</dict>
		<key>65D95DCA153670C400EB7208</key>
		<dict>
			<key>isa</key>
			<string>PBXFileReference</string>
			<key>lastKnownFileType</key>
			<string>text.xml</string>
			<key>path</key>
			<string>Agenda Book.entitlements</string>
			<key>sourceTree</key>
			<string>&lt;group&gt;</string>
		</dict>
		<key>65E14FD31553198C007D22AE</key>
		<dict>
			<key>isa</key>
			<string>PBXFileReference</string>
			<key>lastKnownFileType</key>
			<string>wrapper.framework</string>
			<key>name</key>
			<string>CoreData.framework</string>
			<key>path</key>
			<string>System/Library/Frameworks/CoreData.framework</string>
			<key>sourceTree</key>
			<string>SDKROOT</string>
		</dict>
		<key>65E14FD41553198C007D22AE</key>
		<dict>
			<key>fileRef</key>
			<string>65E14FD31553198C007D22AE</string>
			<key>isa</key>
			<string>PBXBuildFile</string>
		</dict>
		<key>6C0CBB4B1045FFFEC69C8BD4</key>
		<dict>
			<key>includeInIndex</key>
			<string>1</string>
			<key>isa</key>
			<string>PBXFileReference</string>
			<key>lastKnownFileType</key>
			<string>text.xcconfig</string>
			<key>name</key>
			<string>Pods.debug.xcconfig</string>
			<key>path</key>
			<string>Pods/Target Support Files/Pods/Pods.debug.xcconfig</string>
			<key>sourceTree</key>
			<string>&lt;group&gt;</string>
		</dict>
		<key>777FA57A2622488D9C30D8BB</key>
		<dict>
			<key>explicitFileType</key>
			<string>archive.ar</string>
			<key>includeInIndex</key>
			<string>0</string>
			<key>isa</key>
			<string>PBXFileReference</string>
			<key>path</key>
			<string>libPods.a</string>
			<key>sourceTree</key>
			<string>BUILT_PRODUCTS_DIR</string>
		</dict>
		<key>D86F571A62044791BA454588</key>
		<dict>
			<key>fileRef</key>
			<string>777FA57A2622488D9C30D8BB</string>
			<key>isa</key>
			<string>PBXBuildFile</string>
		</dict>
		<key>F993F5106EF672D098964B1E</key>
		<dict>
			<key>includeInIndex</key>
			<string>1</string>
			<key>isa</key>
			<string>PBXFileReference</string>
			<key>lastKnownFileType</key>
			<string>text.xcconfig</string>
			<key>name</key>
			<string>Pods.release.xcconfig</string>
			<key>path</key>
			<string>Pods/Target Support Files/Pods/Pods.release.xcconfig</string>
			<key>sourceTree</key>
			<string>&lt;group&gt;</string>
		</dict>
	</dict>
	<key>rootObject</key>
	<string>65A841481506ED9900C6B779</string>
</dict>
</plist>
