// !$*UTF8*$!
{
	archiveVersion = 1;
	classes = {
	};
	objectVersion = 46;
	objects = {

/* Begin PBXBuildFile section */
		61DE21B81518EA9300C1F117 /* ClassIDViewController.m in Sources */ = {isa = PBXBuildFile; fileRef = 61DE21B71518EA9300C1F117 /* ClassIDViewController.m */; };
		61E2070E1508E0CB007ABD77 /* umasd.png in Resources */ = {isa = PBXBuildFile; fileRef = 61E2070D1508E0CB007ABD77 /* umasd.png */; };
		61E207101508E275007ABD77 /* Checkmark.png in Resources */ = {isa = PBXBuildFile; fileRef = 61E2070F1508E275007ABD77 /* Checkmark.png */; };
		61E207121508E27F007ABD77 /* X.png in Resources */ = {isa = PBXBuildFile; fileRef = 61E207111508E27F007ABD77 /* X.png */; };
		65199926150D4DE6007FD5A6 /* AssignmentCell.m in Sources */ = {isa = PBXBuildFile; fileRef = 65199925150D4DE6007FD5A6 /* AssignmentCell.m */; };
		6519992A150D4F4B007FD5A6 /* AssignmentsViewController.m in Sources */ = {isa = PBXBuildFile; fileRef = 65199929150D4F4B007FD5A6 /* AssignmentsViewController.m */; };
		651E40FF1512D4A3000D7BCC /* Icon-72.png in Resources */ = {isa = PBXBuildFile; fileRef = 651E40F81512D4A3000D7BCC /* Icon-72.png */; };
		651E41001512D4A3000D7BCC /* Icon-Small-50.png in Resources */ = {isa = PBXBuildFile; fileRef = 651E40F91512D4A3000D7BCC /* Icon-Small-50.png */; };
		651E41011512D4A3000D7BCC /* Icon-Small.png in Resources */ = {isa = PBXBuildFile; fileRef = 651E40FA1512D4A3000D7BCC /* Icon-Small.png */; };
		651E41021512D4A3000D7BCC /* Icon-Small@2x.png in Resources */ = {isa = PBXBuildFile; fileRef = 651E40FB1512D4A3000D7BCC /* Icon-Small@2x.png */; };
		651E41031512D4A3000D7BCC /* Icon.png in Resources */ = {isa = PBXBuildFile; fileRef = 651E40FC1512D4A3000D7BCC /* Icon.png */; };
		651E41041512D4A3000D7BCC /* Icon@2x.png in Resources */ = {isa = PBXBuildFile; fileRef = 651E40FD1512D4A3000D7BCC /* Icon@2x.png */; };
		651E41051512D4A3000D7BCC /* iTunesArtwork.png in Resources */ = {isa = PBXBuildFile; fileRef = 651E40FE1512D4A3000D7BCC /* iTunesArtwork.png */; };
		6527C31E15071551007B8F26 /* SubjectCell.m in Sources */ = {isa = PBXBuildFile; fileRef = 6527C31D15071551007B8F26 /* SubjectCell.m */; };
		6527C322150718FD007B8F26 /* NewClassViewController.m in Sources */ = {isa = PBXBuildFile; fileRef = 6527C321150718FD007B8F26 /* NewClassViewController.m */; };
		652859F5150ED19900296718 /* NSString-truncateToWidth.m in Sources */ = {isa = PBXBuildFile; fileRef = 652859F4150ED19900296718 /* NSString-truncateToWidth.m */; };
		65507DD51509885500BA6D5E /* AddSubjectPickerViewController.m in Sources */ = {isa = PBXBuildFile; fileRef = 65507DD41509885500BA6D5E /* AddSubjectPickerViewController.m */; };
		6567C2471508054C00859E02 /* SubjectPickerViewController.m in Sources */ = {isa = PBXBuildFile; fileRef = 6567C2461508054C00859E02 /* SubjectPickerViewController.m */; };
		657AA0F915159E780045148B /* AboutViewController.m in Sources */ = {isa = PBXBuildFile; fileRef = 657AA0F815159E780045148B /* AboutViewController.m */; };
		65A841561506ED9900C6B779 /* UIKit.framework in Frameworks */ = {isa = PBXBuildFile; fileRef = 65A841551506ED9900C6B779 /* UIKit.framework */; };
		65A841581506ED9900C6B779 /* Foundation.framework in Frameworks */ = {isa = PBXBuildFile; fileRef = 65A841571506ED9900C6B779 /* Foundation.framework */; };
		65A8415A1506ED9900C6B779 /* CoreGraphics.framework in Frameworks */ = {isa = PBXBuildFile; fileRef = 65A841591506ED9900C6B779 /* CoreGraphics.framework */; };
		65A841601506ED9900C6B779 /* InfoPlist.strings in Resources */ = {isa = PBXBuildFile; fileRef = 65A8415E1506ED9900C6B779 /* InfoPlist.strings */; };
		65A841621506ED9900C6B779 /* main.m in Sources */ = {isa = PBXBuildFile; fileRef = 65A841611506ED9900C6B779 /* main.m */; };
		65A841661506ED9900C6B779 /* AppDelegate.m in Sources */ = {isa = PBXBuildFile; fileRef = 65A841651506ED9900C6B779 /* AppDelegate.m */; };
		65A841691506ED9900C6B779 /* MainStoryboard.storyboard in Resources */ = {isa = PBXBuildFile; fileRef = 65A841671506ED9900C6B779 /* MainStoryboard.storyboard */; };
		65A841A51506F98000C6B779 /* ClassesViewController.m in Sources */ = {isa = PBXBuildFile; fileRef = 65A841A41506F97F00C6B779 /* ClassesViewController.m */; };
		65A841A81506FE5100C6B779 /* Info.m in Sources */ = {isa = PBXBuildFile; fileRef = 65A841A71506FE5100C6B779 /* Info.m */; };
		65D5716E150EAB7400B9F47E /* Assignment.m in Sources */ = {isa = PBXBuildFile; fileRef = 65D5716D150EAB7400B9F47E /* Assignment.m */; };
		65D57172150EAE4C00B9F47E /* NewAssignmentViewController.m in Sources */ = {isa = PBXBuildFile; fileRef = 65D57171150EAE4C00B9F47E /* NewAssignmentViewController.m */; };
		65EBA46915099EBF00064B8A /* Twitter.framework in Frameworks */ = {isa = PBXBuildFile; fileRef = 65EBA46815099EBF00064B8A /* Twitter.framework */; };
/* End PBXBuildFile section */

/* Begin PBXFileReference section */
		61DE21B61518EA9200C1F117 /* ClassIDViewController.h */ = {isa = PBXFileReference; fileEncoding = 4; lastKnownFileType = sourcecode.c.h; path = ClassIDViewController.h; sourceTree = "<group>"; };
		61DE21B71518EA9300C1F117 /* ClassIDViewController.m */ = {isa = PBXFileReference; fileEncoding = 4; lastKnownFileType = sourcecode.c.objc; path = ClassIDViewController.m; sourceTree = "<group>"; };
		61E2070D1508E0CB007ABD77 /* umasd.png */ = {isa = PBXFileReference; lastKnownFileType = image.png; path = umasd.png; sourceTree = "<group>"; };
		61E2070F1508E275007ABD77 /* Checkmark.png */ = {isa = PBXFileReference; lastKnownFileType = image.png; path = Checkmark.png; sourceTree = "<group>"; };
		61E207111508E27F007ABD77 /* X.png */ = {isa = PBXFileReference; lastKnownFileType = image.png; path = X.png; sourceTree = "<group>"; };
		65199924150D4DE6007FD5A6 /* AssignmentCell.h */ = {isa = PBXFileReference; fileEncoding = 4; lastKnownFileType = sourcecode.c.h; path = AssignmentCell.h; sourceTree = "<group>"; };
		65199925150D4DE6007FD5A6 /* AssignmentCell.m */ = {isa = PBXFileReference; fileEncoding = 4; lastKnownFileType = sourcecode.c.objc; path = AssignmentCell.m; sourceTree = "<group>"; };
		65199928150D4F4B007FD5A6 /* AssignmentsViewController.h */ = {isa = PBXFileReference; fileEncoding = 4; lastKnownFileType = sourcecode.c.h; path = AssignmentsViewController.h; sourceTree = "<group>"; };
		65199929150D4F4B007FD5A6 /* AssignmentsViewController.m */ = {isa = PBXFileReference; fileEncoding = 4; lastKnownFileType = sourcecode.c.objc; path = AssignmentsViewController.m; sourceTree = "<group>"; };
		651E40F81512D4A3000D7BCC /* Icon-72.png */ = {isa = PBXFileReference; lastKnownFileType = image.png; path = "Icon-72.png"; sourceTree = "<group>"; };
		651E40F91512D4A3000D7BCC /* Icon-Small-50.png */ = {isa = PBXFileReference; lastKnownFileType = image.png; path = "Icon-Small-50.png"; sourceTree = "<group>"; };
		651E40FA1512D4A3000D7BCC /* Icon-Small.png */ = {isa = PBXFileReference; lastKnownFileType = image.png; path = "Icon-Small.png"; sourceTree = "<group>"; };
		651E40FB1512D4A3000D7BCC /* Icon-Small@2x.png */ = {isa = PBXFileReference; lastKnownFileType = image.png; path = "Icon-Small@2x.png"; sourceTree = "<group>"; };
		651E40FC1512D4A3000D7BCC /* Icon.png */ = {isa = PBXFileReference; lastKnownFileType = image.png; path = Icon.png; sourceTree = "<group>"; };
		651E40FD1512D4A3000D7BCC /* Icon@2x.png */ = {isa = PBXFileReference; lastKnownFileType = image.png; path = "Icon@2x.png"; sourceTree = "<group>"; };
		651E40FE1512D4A3000D7BCC /* iTunesArtwork.png */ = {isa = PBXFileReference; lastKnownFileType = image.png; path = iTunesArtwork.png; sourceTree = "<group>"; };
		6527C31C15071551007B8F26 /* SubjectCell.h */ = {isa = PBXFileReference; fileEncoding = 4; lastKnownFileType = sourcecode.c.h; path = SubjectCell.h; sourceTree = "<group>"; };
		6527C31D15071551007B8F26 /* SubjectCell.m */ = {isa = PBXFileReference; fileEncoding = 4; lastKnownFileType = sourcecode.c.objc; path = SubjectCell.m; sourceTree = "<group>"; };
		6527C320150718FD007B8F26 /* NewClassViewController.h */ = {isa = PBXFileReference; fileEncoding = 4; lastKnownFileType = sourcecode.c.h; path = NewClassViewController.h; sourceTree = "<group>"; };
		6527C321150718FD007B8F26 /* NewClassViewController.m */ = {isa = PBXFileReference; fileEncoding = 4; lastKnownFileType = sourcecode.c.objc; path = NewClassViewController.m; sourceTree = "<group>"; };
		652859F4150ED19900296718 /* NSString-truncateToWidth.m */ = {isa = PBXFileReference; fileEncoding = 4; lastKnownFileType = sourcecode.c.objc; path = "NSString-truncateToWidth.m"; sourceTree = "<group>"; };
		652859F7150ED1B200296718 /* NSString-truncateToWidth.h */ = {isa = PBXFileReference; fileEncoding = 4; lastKnownFileType = sourcecode.c.h; path = "NSString-truncateToWidth.h"; sourceTree = "<group>"; };
		65507DD31509885500BA6D5E /* AddSubjectPickerViewController.h */ = {isa = PBXFileReference; fileEncoding = 4; lastKnownFileType = sourcecode.c.h; path = AddSubjectPickerViewController.h; sourceTree = "<group>"; };
		65507DD41509885500BA6D5E /* AddSubjectPickerViewController.m */ = {isa = PBXFileReference; fileEncoding = 4; lastKnownFileType = sourcecode.c.objc; path = AddSubjectPickerViewController.m; sourceTree = "<group>"; };
		6567C2451508054C00859E02 /* SubjectPickerViewController.h */ = {isa = PBXFileReference; fileEncoding = 4; lastKnownFileType = sourcecode.c.h; path = SubjectPickerViewController.h; sourceTree = "<group>"; };
		6567C2461508054C00859E02 /* SubjectPickerViewController.m */ = {isa = PBXFileReference; fileEncoding = 4; lastKnownFileType = sourcecode.c.objc; path = SubjectPickerViewController.m; sourceTree = "<group>"; };
		657AA0F715159E780045148B /* AboutViewController.h */ = {isa = PBXFileReference; fileEncoding = 4; lastKnownFileType = sourcecode.c.h; path = AboutViewController.h; sourceTree = "<group>"; };
		657AA0F815159E780045148B /* AboutViewController.m */ = {isa = PBXFileReference; fileEncoding = 4; lastKnownFileType = sourcecode.c.objc; path = AboutViewController.m; sourceTree = "<group>"; };
		65A841511506ED9900C6B779 /* Agenda Book.app */ = {isa = PBXFileReference; explicitFileType = wrapper.application; includeInIndex = 0; path = "Agenda Book.app"; sourceTree = BUILT_PRODUCTS_DIR; };
		65A841551506ED9900C6B779 /* UIKit.framework */ = {isa = PBXFileReference; lastKnownFileType = wrapper.framework; name = UIKit.framework; path = System/Library/Frameworks/UIKit.framework; sourceTree = SDKROOT; };
		65A841571506ED9900C6B779 /* Foundation.framework */ = {isa = PBXFileReference; lastKnownFileType = wrapper.framework; name = Foundation.framework; path = System/Library/Frameworks/Foundation.framework; sourceTree = SDKROOT; };
		65A841591506ED9900C6B779 /* CoreGraphics.framework */ = {isa = PBXFileReference; lastKnownFileType = wrapper.framework; name = CoreGraphics.framework; path = System/Library/Frameworks/CoreGraphics.framework; sourceTree = SDKROOT; };
		65A8415D1506ED9900C6B779 /* Agenda Book-Info.plist */ = {isa = PBXFileReference; lastKnownFileType = text.plist.xml; path = "Agenda Book-Info.plist"; sourceTree = "<group>"; };
		65A8415F1506ED9900C6B779 /* en */ = {isa = PBXFileReference; lastKnownFileType = text.plist.strings; name = en; path = en.lproj/InfoPlist.strings; sourceTree = "<group>"; };
		65A841611506ED9900C6B779 /* main.m */ = {isa = PBXFileReference; lastKnownFileType = sourcecode.c.objc; path = main.m; sourceTree = "<group>"; };
		65A841631506ED9900C6B779 /* Agenda Book-Prefix.pch */ = {isa = PBXFileReference; lastKnownFileType = sourcecode.c.h; path = "Agenda Book-Prefix.pch"; sourceTree = "<group>"; };
		65A841641506ED9900C6B779 /* AppDelegate.h */ = {isa = PBXFileReference; lastKnownFileType = sourcecode.c.h; path = AppDelegate.h; sourceTree = "<group>"; };
		65A841651506ED9900C6B779 /* AppDelegate.m */ = {isa = PBXFileReference; lastKnownFileType = sourcecode.c.objc; path = AppDelegate.m; sourceTree = "<group>"; };
		65A841681506ED9900C6B779 /* en */ = {isa = PBXFileReference; lastKnownFileType = file.storyboard; name = en; path = en.lproj/MainStoryboard.storyboard; sourceTree = "<group>"; };
		65A841A31506F97F00C6B779 /* ClassesViewController.h */ = {isa = PBXFileReference; fileEncoding = 4; lastKnownFileType = sourcecode.c.h; path = ClassesViewController.h; sourceTree = "<group>"; };
		65A841A41506F97F00C6B779 /* ClassesViewController.m */ = {isa = PBXFileReference; fileEncoding = 4; lastKnownFileType = sourcecode.c.objc; path = ClassesViewController.m; sourceTree = "<group>"; };
		65A841A61506FE5100C6B779 /* Info.h */ = {isa = PBXFileReference; fileEncoding = 4; lastKnownFileType = sourcecode.c.h; path = Info.h; sourceTree = "<group>"; };
		65A841A71506FE5100C6B779 /* Info.m */ = {isa = PBXFileReference; fileEncoding = 4; lastKnownFileType = sourcecode.c.objc; path = Info.m; sourceTree = "<group>"; };
		65D5716C150EAB7400B9F47E /* Assignment.h */ = {isa = PBXFileReference; fileEncoding = 4; lastKnownFileType = sourcecode.c.h; path = Assignment.h; sourceTree = "<group>"; };
		65D5716D150EAB7400B9F47E /* Assignment.m */ = {isa = PBXFileReference; fileEncoding = 4; lastKnownFileType = sourcecode.c.objc; path = Assignment.m; sourceTree = "<group>"; };
		65D57170150EAE4C00B9F47E /* NewAssignmentViewController.h */ = {isa = PBXFileReference; fileEncoding = 4; lastKnownFileType = sourcecode.c.h; path = NewAssignmentViewController.h; sourceTree = "<group>"; };
		65D57171150EAE4C00B9F47E /* NewAssignmentViewController.m */ = {isa = PBXFileReference; fileEncoding = 4; lastKnownFileType = sourcecode.c.objc; path = NewAssignmentViewController.m; sourceTree = "<group>"; };
		65EBA46815099EBF00064B8A /* Twitter.framework */ = {isa = PBXFileReference; lastKnownFileType = wrapper.framework; name = Twitter.framework; path = System/Library/Frameworks/Twitter.framework; sourceTree = SDKROOT; };
/* End PBXFileReference section */

/* Begin PBXFrameworksBuildPhase section */
		65A8414E1506ED9900C6B779 /* Frameworks */ = {
			isa = PBXFrameworksBuildPhase;
			buildActionMask = 2147483647;
			files = (
				65EBA46915099EBF00064B8A /* Twitter.framework in Frameworks */,
				65A841561506ED9900C6B779 /* UIKit.framework in Frameworks */,
				65A841581506ED9900C6B779 /* Foundation.framework in Frameworks */,
				65A8415A1506ED9900C6B779 /* CoreGraphics.framework in Frameworks */,
			);
			runOnlyForDeploymentPostprocessing = 0;
		};
/* End PBXFrameworksBuildPhase section */

/* Begin PBXGroup section */
		65A841461506ED9900C6B779 = {
			isa = PBXGroup;
			children = (
				651E40F81512D4A3000D7BCC /* Icon-72.png */,
				651E40F91512D4A3000D7BCC /* Icon-Small-50.png */,
				651E40FA1512D4A3000D7BCC /* Icon-Small.png */,
				651E40FB1512D4A3000D7BCC /* Icon-Small@2x.png */,
				651E40FC1512D4A3000D7BCC /* Icon.png */,
				651E40FD1512D4A3000D7BCC /* Icon@2x.png */,
				651E40FE1512D4A3000D7BCC /* iTunesArtwork.png */,
				65A8415B1506ED9900C6B779 /* Agenda Book */,
				65A841541506ED9900C6B779 /* Frameworks */,
				65A841521506ED9900C6B779 /* Products */,
			);
			sourceTree = "<group>";
		};
		65A841521506ED9900C6B779 /* Products */ = {
			isa = PBXGroup;
			children = (
				65A841511506ED9900C6B779 /* Agenda Book.app */,
			);
			name = Products;
			sourceTree = "<group>";
		};
		65A841541506ED9900C6B779 /* Frameworks */ = {
			isa = PBXGroup;
			children = (
				65EBA46815099EBF00064B8A /* Twitter.framework */,
				65A841551506ED9900C6B779 /* UIKit.framework */,
				65A841571506ED9900C6B779 /* Foundation.framework */,
				65A841591506ED9900C6B779 /* CoreGraphics.framework */,
			);
			name = Frameworks;
			sourceTree = "<group>";
		};
		65A8415B1506ED9900C6B779 /* Agenda Book */ = {
			isa = PBXGroup;
			children = (
				65A841721506F66A00C6B779 /* Images */,
				65A841641506ED9900C6B779 /* AppDelegate.h */,
				65A841651506ED9900C6B779 /* AppDelegate.m */,
				65A841671506ED9900C6B779 /* MainStoryboard.storyboard */,
				657AA0F715159E780045148B /* AboutViewController.h */,
				657AA0F815159E780045148B /* AboutViewController.m */,
				65A841A31506F97F00C6B779 /* ClassesViewController.h */,
				65A841A41506F97F00C6B779 /* ClassesViewController.m */,
				6527C320150718FD007B8F26 /* NewClassViewController.h */,
				6527C321150718FD007B8F26 /* NewClassViewController.m */,
				6567C2451508054C00859E02 /* SubjectPickerViewController.h */,
				6567C2461508054C00859E02 /* SubjectPickerViewController.m */,
				6527C31C15071551007B8F26 /* SubjectCell.h */,
				6527C31D15071551007B8F26 /* SubjectCell.m */,
				65507DD31509885500BA6D5E /* AddSubjectPickerViewController.h */,
				65507DD41509885500BA6D5E /* AddSubjectPickerViewController.m */,
				61DE21B61518EA9200C1F117 /* ClassIDViewController.h */,
				61DE21B71518EA9300C1F117 /* ClassIDViewController.m */,
				65199928150D4F4B007FD5A6 /* AssignmentsViewController.h */,
				65199929150D4F4B007FD5A6 /* AssignmentsViewController.m */,
				652859F7150ED1B200296718 /* NSString-truncateToWidth.h */,
				652859F4150ED19900296718 /* NSString-truncateToWidth.m */,
				65D57170150EAE4C00B9F47E /* NewAssignmentViewController.h */,
				65D57171150EAE4C00B9F47E /* NewAssignmentViewController.m */,
				65199924150D4DE6007FD5A6 /* AssignmentCell.h */,
				65199925150D4DE6007FD5A6 /* AssignmentCell.m */,
				65D5716C150EAB7400B9F47E /* Assignment.h */,
				65D5716D150EAB7400B9F47E /* Assignment.m */,
				65A841A61506FE5100C6B779 /* Info.h */,
				65A841A71506FE5100C6B779 /* Info.m */,
				65A8415C1506ED9900C6B779 /* Supporting Files */,
			);
			path = "Agenda Book";
			sourceTree = "<group>";
		};
		65A8415C1506ED9900C6B779 /* Supporting Files */ = {
			isa = PBXGroup;
			children = (
				65A8415D1506ED9900C6B779 /* Agenda Book-Info.plist */,
				65A8415E1506ED9900C6B779 /* InfoPlist.strings */,
				65A841611506ED9900C6B779 /* main.m */,
				65A841631506ED9900C6B779 /* Agenda Book-Prefix.pch */,
			);
			name = "Supporting Files";
			sourceTree = "<group>";
		};
		65A841721506F66A00C6B779 /* Images */ = {
			isa = PBXGroup;
			children = (
				61E207111508E27F007ABD77 /* X.png */,
				61E2070F1508E275007ABD77 /* Checkmark.png */,
				61E2070D1508E0CB007ABD77 /* umasd.png */,
			);
			path = Images;
			sourceTree = "<group>";
		};
/* End PBXGroup section */

/* Begin PBXNativeTarget section */
		65A841501506ED9900C6B779 /* Agenda Book */ = {
			isa = PBXNativeTarget;
			buildConfigurationList = 65A8416F1506ED9900C6B779 /* Build configuration list for PBXNativeTarget "Agenda Book" */;
			buildPhases = (
				65A8414D1506ED9900C6B779 /* Sources */,
				65A8414E1506ED9900C6B779 /* Frameworks */,
				65A8414F1506ED9900C6B779 /* Resources */,
			);
			buildRules = (
			);
			dependencies = (
			);
			name = "Agenda Book";
			productName = "Agenda Book";
			productReference = 65A841511506ED9900C6B779 /* Agenda Book.app */;
			productType = "com.apple.product-type.application";
		};
/* End PBXNativeTarget section */

/* Begin PBXProject section */
		65A841481506ED9900C6B779 /* Project object */ = {
			isa = PBXProject;
			attributes = {
				LastUpgradeCheck = 0430;
			};
			buildConfigurationList = 65A8414B1506ED9900C6B779 /* Build configuration list for PBXProject "Agenda Book" */;
			compatibilityVersion = "Xcode 3.2";
			developmentRegion = English;
			hasScannedForEncodings = 0;
			knownRegions = (
				en,
			);
			mainGroup = 65A841461506ED9900C6B779;
			productRefGroup = 65A841521506ED9900C6B779 /* Products */;
			projectDirPath = "";
			projectRoot = "";
			targets = (
				65A841501506ED9900C6B779 /* Agenda Book */,
			);
		};
/* End PBXProject section */

/* Begin PBXResourcesBuildPhase section */
		65A8414F1506ED9900C6B779 /* Resources */ = {
			isa = PBXResourcesBuildPhase;
			buildActionMask = 2147483647;
			files = (
				65A841601506ED9900C6B779 /* InfoPlist.strings in Resources */,
				65A841691506ED9900C6B779 /* MainStoryboard.storyboard in Resources */,
				61E2070E1508E0CB007ABD77 /* umasd.png in Resources */,
				61E207101508E275007ABD77 /* Checkmark.png in Resources */,
				61E207121508E27F007ABD77 /* X.png in Resources */,
				651E40FF1512D4A3000D7BCC /* Icon-72.png in Resources */,
				651E41001512D4A3000D7BCC /* Icon-Small-50.png in Resources */,
				651E41011512D4A3000D7BCC /* Icon-Small.png in Resources */,
				651E41021512D4A3000D7BCC /* Icon-Small@2x.png in Resources */,
				651E41031512D4A3000D7BCC /* Icon.png in Resources */,
				651E41041512D4A3000D7BCC /* Icon@2x.png in Resources */,
				651E41051512D4A3000D7BCC /* iTunesArtwork.png in Resources */,
			);
			runOnlyForDeploymentPostprocessing = 0;
		};
/* End PBXResourcesBuildPhase section */

/* Begin PBXSourcesBuildPhase section */
		65A8414D1506ED9900C6B779 /* Sources */ = {
			isa = PBXSourcesBuildPhase;
			buildActionMask = 2147483647;
			files = (
				65A841621506ED9900C6B779 /* main.m in Sources */,
				65A841661506ED9900C6B779 /* AppDelegate.m in Sources */,
				65A841A51506F98000C6B779 /* ClassesViewController.m in Sources */,
				65A841A81506FE5100C6B779 /* Info.m in Sources */,
				6527C31E15071551007B8F26 /* SubjectCell.m in Sources */,
				6527C322150718FD007B8F26 /* NewClassViewController.m in Sources */,
				6567C2471508054C00859E02 /* SubjectPickerViewController.m in Sources */,
				65507DD51509885500BA6D5E /* AddSubjectPickerViewController.m in Sources */,
				65199926150D4DE6007FD5A6 /* AssignmentCell.m in Sources */,
				6519992A150D4F4B007FD5A6 /* AssignmentsViewController.m in Sources */,
				65D5716E150EAB7400B9F47E /* Assignment.m in Sources */,
				65D57172150EAE4C00B9F47E /* NewAssignmentViewController.m in Sources */,
				652859F5150ED19900296718 /* NSString-truncateToWidth.m in Sources */,
				657AA0F915159E780045148B /* AboutViewController.m in Sources */,
				61DE21B81518EA9300C1F117 /* ClassIDViewController.m in Sources */,
			);
			runOnlyForDeploymentPostprocessing = 0;
		};
/* End PBXSourcesBuildPhase section */

/* Begin PBXVariantGroup section */
		65A8415E1506ED9900C6B779 /* InfoPlist.strings */ = {
			isa = PBXVariantGroup;
			children = (
				65A8415F1506ED9900C6B779 /* en */,
			);
			name = InfoPlist.strings;
			sourceTree = "<group>";
		};
		65A841671506ED9900C6B779 /* MainStoryboard.storyboard */ = {
			isa = PBXVariantGroup;
			children = (
				65A841681506ED9900C6B779 /* en */,
			);
			name = MainStoryboard.storyboard;
			sourceTree = "<group>";
		};
/* End PBXVariantGroup section */

/* Begin XCBuildConfiguration section */
		65A8416D1506ED9900C6B779 /* Debug */ = {
			isa = XCBuildConfiguration;
			buildSettings = {
				ALWAYS_SEARCH_USER_PATHS = NO;
				ARCHS = "$(ARCHS_STANDARD_32_BIT)";
				CLANG_ENABLE_OBJC_ARC = YES;
				CODE_SIGN_IDENTITY = "iPhone Developer: Lawrence Bilker (5Z6HTAU5ST)";
				"CODE_SIGN_IDENTITY[sdk=iphoneos*]" = "iPhone Developer: Lawrence Bilker (5Z6HTAU5ST)";
				COPY_PHASE_STRIP = NO;
				GCC_C_LANGUAGE_STANDARD = gnu99;
				GCC_DYNAMIC_NO_PIC = NO;
				GCC_OPTIMIZATION_LEVEL = 0;
				GCC_PREPROCESSOR_DEFINITIONS = (
					"DEBUG=1",
					"$(inherited)",
				);
				GCC_SYMBOLS_PRIVATE_EXTERN = NO;
				GCC_VERSION = "";
				GCC_WARN_ABOUT_MISSING_PROTOTYPES = YES;
				GCC_WARN_ABOUT_RETURN_TYPE = YES;
				GCC_WARN_UNUSED_VARIABLE = YES;
				IPHONEOS_DEPLOYMENT_TARGET = 5.0;
				PROVISIONING_PROFILE = "752595D8-9049-427D-A1D4-230FBBEAA1C0";
				"PROVISIONING_PROFILE[sdk=iphoneos*]" = "752595D8-9049-427D-A1D4-230FBBEAA1C0";
				SDKROOT = iphoneos;
			};
			name = Debug;
		};
		65A8416E1506ED9900C6B779 /* Release */ = {
			isa = XCBuildConfiguration;
			buildSettings = {
				ALWAYS_SEARCH_USER_PATHS = NO;
				ARCHS = "$(ARCHS_STANDARD_32_BIT)";
				CLANG_ENABLE_OBJC_ARC = YES;
				CODE_SIGN_IDENTITY = "iPhone Developer: Lawrence Bilker (5Z6HTAU5ST)";
				"CODE_SIGN_IDENTITY[sdk=iphoneos*]" = "iPhone Developer: Lawrence Bilker (5Z6HTAU5ST)";
				COPY_PHASE_STRIP = YES;
				GCC_C_LANGUAGE_STANDARD = gnu99;
				GCC_VERSION = "";
				GCC_WARN_ABOUT_MISSING_PROTOTYPES = YES;
				GCC_WARN_ABOUT_RETURN_TYPE = YES;
				GCC_WARN_UNUSED_VARIABLE = YES;
				IPHONEOS_DEPLOYMENT_TARGET = 5.0;
				OTHER_CFLAGS = "-DNS_BLOCK_ASSERTIONS=1";
				PROVISIONING_PROFILE = "752595D8-9049-427D-A1D4-230FBBEAA1C0";
				"PROVISIONING_PROFILE[sdk=iphoneos*]" = "752595D8-9049-427D-A1D4-230FBBEAA1C0";
				SDKROOT = iphoneos;
				VALIDATE_PRODUCT = YES;
			};
			name = Release;
		};
		65A841701506ED9900C6B779 /* Debug */ = {
			isa = XCBuildConfiguration;
			buildSettings = {
				GCC_PRECOMPILE_PREFIX_HEADER = YES;
				GCC_PREFIX_HEADER = "Agenda Book/Agenda Book-Prefix.pch";
				INFOPLIST_FILE = "Agenda Book/Agenda Book-Info.plist";
				IPHONEOS_DEPLOYMENT_TARGET = 5.0;
				PRODUCT_NAME = "$(TARGET_NAME)";
				WRAPPER_EXTENSION = app;
			};
			name = Debug;
		};
		65A841711506ED9900C6B779 /* Release */ = {
			isa = XCBuildConfiguration;
			buildSettings = {
				GCC_PRECOMPILE_PREFIX_HEADER = YES;
				GCC_PREFIX_HEADER = "Agenda Book/Agenda Book-Prefix.pch";
				INFOPLIST_FILE = "Agenda Book/Agenda Book-Info.plist";
				IPHONEOS_DEPLOYMENT_TARGET = 5.0;
				PRODUCT_NAME = "$(TARGET_NAME)";
				WRAPPER_EXTENSION = app;
			};
			name = Release;
		};
/* End XCBuildConfiguration section */

/* Begin XCConfigurationList section */
		65A8414B1506ED9900C6B779 /* Build configuration list for PBXProject "Agenda Book" */ = {
			isa = XCConfigurationList;
			buildConfigurations = (
				65A8416D1506ED9900C6B779 /* Debug */,
				65A8416E1506ED9900C6B779 /* Release */,
			);
			defaultConfigurationIsVisible = 0;
			defaultConfigurationName = Release;
		};
		65A8416F1506ED9900C6B779 /* Build configuration list for PBXNativeTarget "Agenda Book" */ = {
			isa = XCConfigurationList;
			buildConfigurations = (
				65A841701506ED9900C6B779 /* Debug */,
				65A841711506ED9900C6B779 /* Release */,
			);
			defaultConfigurationIsVisible = 0;
			defaultConfigurationName = Release;
		};
/* End XCConfigurationList section */
	};
	rootObject = 65A841481506ED9900C6B779 /* Project object */;
}
